
Microsoft Visual Studio Solution File, Format Version 12.00
# Visual Studio Version 17
VisualStudioVersion = 17.4.32912.340
MinimumVisualStudioVersion = 10.0.40219.1
Project("{9A19103F-16F7-4668-BE54-9A1E7A4F7556}") = "FiltersExample.Filters", "Effects\FiltersExample.Filters.csproj", "{F6BBD256-30B6-459C-BACB-A8575FB0E304}"
EndProject
Project("{9A19103F-16F7-4668-BE54-9A1E7A4F7556}") = "FiltersExample.Common", "FiltersExample.Common\FiltersExample.Common.csproj", "{9B0DE905-A02C-4705-9A0D-1F896074E22B}"
EndProject
Project("{9A19103F-16F7-4668-BE54-9A1E7A4F7556}") = "FiltersExample", "FiltersExampleProject\FiltersExample.csproj", "{461A4E97-A970-4883-B7A0-3A5B6BED8057}"
EndProject
Global
	GlobalSection(SolutionConfigurationPlatforms) = preSolution
		Debug|Any CPU = Debug|Any CPU
		Release|Any CPU = Release|Any CPU
	EndGlobalSection
	GlobalSection(ProjectConfigurationPlatforms) = postSolution
		{F6BBD256-30B6-459C-BACB-A8575FB0E304}.Debug|Any CPU.ActiveCfg = Debug|Any CPU
		{F6BBD256-30B6-459C-BACB-A8575FB0E304}.Debug|Any CPU.Build.0 = Debug|Any CPU
		{F6BBD256-30B6-459C-BACB-A8575FB0E304}.Release|Any CPU.ActiveCfg = Release|Any CPU
		{F6BBD256-30B6-459C-BACB-A8575FB0E304}.Release|Any CPU.Build.0 = Release|Any CPU
		{9B0DE905-A02C-4705-9A0D-1F896074E22B}.Debug|Any CPU.ActiveCfg = Debug|Any CPU
		{9B0DE905-A02C-4705-9A0D-1F896074E22B}.Debug|Any CPU.Build.0 = Debug|Any CPU
		{9B0DE905-A02C-4705-9A0D-1F896074E22B}.Release|Any CPU.ActiveCfg = Release|Any CPU
		{9B0DE905-A02C-4705-9A0D-1F896074E22B}.Release|Any CPU.Build.0 = Release|Any CPU
		{461A4E97-A970-4883-B7A0-3A5B6BED8057}.Debug|Any CPU.ActiveCfg = Debug|Any CPU
		{461A4E97-A970-4883-B7A0-3A5B6BED8057}.Debug|Any CPU.Build.0 = Debug|Any CPU
		{461A4E97-A970-4883-B7A0-3A5B6BED8057}.Release|Any CPU.ActiveCfg = Release|Any CPU
		{461A4E97-A970-4883-B7A0-3A5B6BED8057}.Release|Any CPU.Build.0 = Release|Any CPU
	EndGlobalSection
	GlobalSection(SolutionProperties) = preSolution
		HideSolutionNode = FALSE
	EndGlobalSection
	GlobalSection(ExtensibilityGlobals) = postSolution
		SolutionGuid = {6E14E9ED-451C-4BCF-8C1B-FF348C61D56A}
	EndGlobalSection
EndGlobal
